
Microsoft Visual Studio Solution File, Format Version 11.00
# Visual Studio 2010
Project("{FAE04EC0-301F-11D3-BF4B-00C04F79EFBC}") = "StyleTemplateFromGraphic", "StyleTemplateFromGraphic\StyleTemplateFromGraphic.csproj", "{5b56434b-bfac-48e9-b54a-b1c9dfb82719}"
EndProject
Global
	GlobalSection(SolutionConfigurationPlatforms) = preSolution
		Debug|Any CPU = Debug|Any CPU
		Release|Any CPU = Release|Any CPU
	EndGlobalSection
	GlobalSection(ProjectConfigurationPlatforms) = postSolution
		{5B56434B-BFAC-48E9-B54A-B1C9DFB82719}.Debug|Any CPU.ActiveCfg = Debug|Any CPU
		{5B56434B-BFAC-48E9-B54A-B1C9DFB82719}.Debug|Any CPU.Build.0 = Debug|Any CPU
		{5B56434B-BFAC-48E9-B54A-B1C9DFB82719}.Release|Any CPU.ActiveCfg = Release|Any CPU
		{5B56434B-BFAC-48E9-B54A-B1C9DFB82719}.Release|Any CPU.Build.0 = Release|Any CPU
	EndGlobalSection
EndGlobal
