
Microsoft Visual Studio Solution File, Format Version 11.00
# Visual Studio 2010
Project("{FAE04EC0-301F-11D3-BF4B-00C04F79EFBC}") = "BlendControlContent", "BlendControlContent\BlendControlContent.csproj", "{77f3903a-2ca3-4383-a7da-b54e65b2af5e}"
EndProject
Global
	GlobalSection(SolutionConfigurationPlatforms) = preSolution
		Debug|Any CPU = Debug|Any CPU
		Release|Any CPU = Release|Any CPU
	EndGlobalSection
	GlobalSection(ProjectConfigurationPlatforms) = postSolution
		{77F3903A-2CA3-4383-A7DA-B54E65B2AF5E}.Debug|Any CPU.ActiveCfg = Debug|Any CPU
		{77F3903A-2CA3-4383-A7DA-B54E65B2AF5E}.Debug|Any CPU.Build.0 = Debug|Any CPU
		{77F3903A-2CA3-4383-A7DA-B54E65B2AF5E}.Release|Any CPU.ActiveCfg = Release|Any CPU
		{77F3903A-2CA3-4383-A7DA-B54E65B2AF5E}.Release|Any CPU.Build.0 = Release|Any CPU
	EndGlobalSection
EndGlobal
