
Microsoft Visual Studio Solution File, Format Version 11.00
# Visual Studio 2010
Project("{FAE04EC0-301F-11D3-BF4B-00C04F79EFBC}") = "SLControlTemplate", "SLControlTemplate\SLControlTemplate.csproj", "{414945b8-c7d5-4f12-a6aa-8cc2ee401166}"
EndProject
Global
	GlobalSection(SolutionConfigurationPlatforms) = preSolution
		Debug|Any CPU = Debug|Any CPU
		Release|Any CPU = Release|Any CPU
	EndGlobalSection
	GlobalSection(ProjectConfigurationPlatforms) = postSolution
		{414945B8-C7D5-4F12-A6AA-8CC2EE401166}.Debug|Any CPU.ActiveCfg = Debug|Any CPU
		{414945B8-C7D5-4F12-A6AA-8CC2EE401166}.Debug|Any CPU.Build.0 = Debug|Any CPU
		{414945B8-C7D5-4F12-A6AA-8CC2EE401166}.Release|Any CPU.ActiveCfg = Release|Any CPU
		{414945B8-C7D5-4F12-A6AA-8CC2EE401166}.Release|Any CPU.Build.0 = Release|Any CPU
	EndGlobalSection
EndGlobal
