
Microsoft Visual Studio Solution File, Format Version 11.00
# Visual Studio 2010
Project("{E24C65DC-7377-472B-9ABA-BC803B73C61A}") = "ColorSwatchSLSite", "ColorSwatchSLSite\", "{7b42b057-6cc4-46ef-b253-63f371362f7d}"
	ProjectSection(WebsiteProperties) = preProject
		TargetFrameworkMoniker = ".NETFramework,Version%3Dv4.0"
		ProjOutputReferences = "{55407c0d-24bd-4c78-ae6b-aa5bf9e08333}|ClientBin|false;"
	EndProjectSection
EndProject
Project("{FAE04EC0-301F-11D3-BF4B-00C04F79EFBC}") = "ColorSwatchSL", "ColorSwatchSL\ColorSwatchSL.csproj", "{55407c0d-24bd-4c78-ae6b-aa5bf9e08333}"
EndProject
Global
	GlobalSection(SolutionConfigurationPlatforms) = preSolution
		Debug|Any CPU = Debug|Any CPU
		Release|Any CPU = Release|Any CPU
	EndGlobalSection
	GlobalSection(ProjectConfigurationPlatforms) = postSolution
		{7B42B057-6CC4-46EF-B253-63F371362F7D}.Debug|Any CPU.ActiveCfg = Debug|Any CPU
		{7B42B057-6CC4-46EF-B253-63F371362F7D}.Debug|Any CPU.Build.0 = Debug|Any CPU
		{7B42B057-6CC4-46EF-B253-63F371362F7D}.Release|Any CPU.ActiveCfg = Release|Any CPU
		{7B42B057-6CC4-46EF-B253-63F371362F7D}.Release|Any CPU.Build.0 = Release|Any CPU
		{55407C0D-24BD-4C78-AE6B-AA5BF9E08333}.Debug|Any CPU.ActiveCfg = Debug|Any CPU
		{55407C0D-24BD-4C78-AE6B-AA5BF9E08333}.Debug|Any CPU.Build.0 = Debug|Any CPU
		{55407C0D-24BD-4C78-AE6B-AA5BF9E08333}.Release|Any CPU.ActiveCfg = Release|Any CPU
		{55407C0D-24BD-4C78-AE6B-AA5BF9E08333}.Release|Any CPU.Build.0 = Release|Any CPU
	EndGlobalSection
EndGlobal
