
Microsoft Visual Studio Solution File, Format Version 11.00
# Visual Studio 2010
Project("{FAE04EC0-301F-11D3-BF4B-00C04F79EFBC}") = "ControlToControlBinding", "ControlToControlBinding\ControlToControlBinding.csproj", "{6c2d4d3b-8c89-4af6-9605-6a05fbb47270}"
EndProject
Global
	GlobalSection(SolutionConfigurationPlatforms) = preSolution
		Debug|Any CPU = Debug|Any CPU
		Release|Any CPU = Release|Any CPU
	EndGlobalSection
	GlobalSection(ProjectConfigurationPlatforms) = postSolution
		{6C2D4D3B-8C89-4AF6-9605-6A05FBB47270}.Debug|Any CPU.ActiveCfg = Debug|Any CPU
		{6C2D4D3B-8C89-4AF6-9605-6A05FBB47270}.Debug|Any CPU.Build.0 = Debug|Any CPU
		{6C2D4D3B-8C89-4AF6-9605-6A05FBB47270}.Release|Any CPU.ActiveCfg = Release|Any CPU
		{6C2D4D3B-8C89-4AF6-9605-6A05FBB47270}.Release|Any CPU.Build.0 = Release|Any CPU
	EndGlobalSection
EndGlobal
