
Microsoft Visual Studio Solution File, Format Version 11.00
# Visual Studio 2010
Project("{FAE04EC0-301F-11D3-BF4B-00C04F79EFBC}") = "WPFMotionPathApp", "WPFMotionPathApp\WPFMotionPathApp.csproj", "{ad62332f-8564-415c-b094-94faac1a1a0d}"
EndProject
Global
	GlobalSection(SolutionConfigurationPlatforms) = preSolution
		Debug|Any CPU = Debug|Any CPU
		Release|Any CPU = Release|Any CPU
	EndGlobalSection
	GlobalSection(ProjectConfigurationPlatforms) = postSolution
		{AD62332F-8564-415C-B094-94FAAC1A1A0D}.Debug|Any CPU.ActiveCfg = Debug|Any CPU
		{AD62332F-8564-415C-B094-94FAAC1A1A0D}.Debug|Any CPU.Build.0 = Debug|Any CPU
		{AD62332F-8564-415C-B094-94FAAC1A1A0D}.Release|Any CPU.ActiveCfg = Release|Any CPU
		{AD62332F-8564-415C-B094-94FAAC1A1A0D}.Release|Any CPU.Build.0 = Release|Any CPU
	EndGlobalSection
EndGlobal
