
Microsoft Visual Studio Solution File, Format Version 11.00
# Visual Studio 2010
Project("{FAE04EC0-301F-11D3-BF4B-00C04F79EFBC}") = "Wpf3DExample", "Wpf3DExample\Wpf3DExample.csproj", "{4779ea91-579b-4e33-b32b-acac7074cee0}"
EndProject
Global
	GlobalSection(SolutionConfigurationPlatforms) = preSolution
		Debug|Any CPU = Debug|Any CPU
		Release|Any CPU = Release|Any CPU
	EndGlobalSection
	GlobalSection(ProjectConfigurationPlatforms) = postSolution
		{4779EA91-579B-4E33-B32B-ACAC7074CEE0}.Debug|Any CPU.ActiveCfg = Debug|Any CPU
		{4779EA91-579B-4E33-B32B-ACAC7074CEE0}.Debug|Any CPU.Build.0 = Debug|Any CPU
		{4779EA91-579B-4E33-B32B-ACAC7074CEE0}.Release|Any CPU.ActiveCfg = Release|Any CPU
		{4779EA91-579B-4E33-B32B-ACAC7074CEE0}.Release|Any CPU.Build.0 = Release|Any CPU
	EndGlobalSection
EndGlobal
