
Microsoft Visual Studio Solution File, Format Version 11.00
# Visual Studio 2010
Project("{FAE04EC0-301F-11D3-BF4B-00C04F79EFBC}") = "FunWithSampleData", "FunWithSampleData\FunWithSampleData.csproj", "{a00710d8-c452-460a-ad56-df1c032e0d79}"
EndProject
Global
	GlobalSection(SolutionConfigurationPlatforms) = preSolution
		Debug|Any CPU = Debug|Any CPU
		Release|Any CPU = Release|Any CPU
	EndGlobalSection
	GlobalSection(ProjectConfigurationPlatforms) = postSolution
		{A00710D8-C452-460A-AD56-DF1C032E0D79}.Debug|Any CPU.ActiveCfg = Debug|Any CPU
		{A00710D8-C452-460A-AD56-DF1C032E0D79}.Debug|Any CPU.Build.0 = Debug|Any CPU
		{A00710D8-C452-460A-AD56-DF1C032E0D79}.Release|Any CPU.ActiveCfg = Release|Any CPU
		{A00710D8-C452-460A-AD56-DF1C032E0D79}.Release|Any CPU.Build.0 = Release|Any CPU
	EndGlobalSection
EndGlobal
