
Microsoft Visual Studio Solution File, Format Version 11.00
# Visual Studio 2010
Project("{FAE04EC0-301F-11D3-BF4B-00C04F79EFBC}") = "WpfXmlDataBinding", "WpfXmlDataBinding\WpfXmlDataBinding.csproj", "{b50ce02d-1baa-42d7-8224-247d42f3c072}"
EndProject
Global
	GlobalSection(SolutionConfigurationPlatforms) = preSolution
		Debug|Any CPU = Debug|Any CPU
		Release|Any CPU = Release|Any CPU
	EndGlobalSection
	GlobalSection(ProjectConfigurationPlatforms) = postSolution
		{B50CE02D-1BAA-42D7-8224-247D42F3C072}.Debug|Any CPU.ActiveCfg = Debug|Any CPU
		{B50CE02D-1BAA-42D7-8224-247D42F3C072}.Debug|Any CPU.Build.0 = Debug|Any CPU
		{B50CE02D-1BAA-42D7-8224-247D42F3C072}.Release|Any CPU.ActiveCfg = Release|Any CPU
		{B50CE02D-1BAA-42D7-8224-247D42F3C072}.Release|Any CPU.Build.0 = Release|Any CPU
	EndGlobalSection
EndGlobal
