
Microsoft Visual Studio Solution File, Format Version 11.00
# Visual Studio 2010
Project("{FAE04EC0-301F-11D3-BF4B-00C04F79EFBC}") = "WPFAnimationTriggerApp", "WPFAnimationTriggerApp\WPFAnimationTriggerApp.csproj", "{a86a1e25-e75c-4921-ac54-9edeaccbf9f0}"
EndProject
Global
	GlobalSection(SolutionConfigurationPlatforms) = preSolution
		Debug|Any CPU = Debug|Any CPU
		Release|Any CPU = Release|Any CPU
	EndGlobalSection
	GlobalSection(ProjectConfigurationPlatforms) = postSolution
		{A86A1E25-E75C-4921-AC54-9EDEACCBF9F0}.Debug|Any CPU.ActiveCfg = Debug|Any CPU
		{A86A1E25-E75C-4921-AC54-9EDEACCBF9F0}.Debug|Any CPU.Build.0 = Debug|Any CPU
		{A86A1E25-E75C-4921-AC54-9EDEACCBF9F0}.Release|Any CPU.ActiveCfg = Release|Any CPU
		{A86A1E25-E75C-4921-AC54-9EDEACCBF9F0}.Release|Any CPU.Build.0 = Release|Any CPU
	EndGlobalSection
EndGlobal
