
Microsoft Visual Studio Solution File, Format Version 11.00
# Visual Studio 2010
Project("{FAE04EC0-301F-11D3-BF4B-00C04F79EFBC}") = "FunWithDataTemplates", "FunWithDataTemplates\FunWithDataTemplates.csproj", "{d4621d7d-ae1c-4557-b12c-4b122b664699}"
EndProject
Global
	GlobalSection(SolutionConfigurationPlatforms) = preSolution
		Debug|Any CPU = Debug|Any CPU
		Release|Any CPU = Release|Any CPU
	EndGlobalSection
	GlobalSection(ProjectConfigurationPlatforms) = postSolution
		{D4621D7D-AE1C-4557-B12C-4B122B664699}.Debug|Any CPU.ActiveCfg = Debug|Any CPU
		{D4621D7D-AE1C-4557-B12C-4B122B664699}.Debug|Any CPU.Build.0 = Debug|Any CPU
		{D4621D7D-AE1C-4557-B12C-4B122B664699}.Release|Any CPU.ActiveCfg = Release|Any CPU
		{D4621D7D-AE1C-4557-B12C-4B122B664699}.Release|Any CPU.Build.0 = Release|Any CPU
	EndGlobalSection
EndGlobal
